Microsoft Visual Studio Solution File, Format Version 12.00
# Visual Studio Version 17
VisualStudioVersion = 17.14.36511.14
MinimumVisualStudioVersion = 10.0.40219.1
Project("{FAE04EC0-301F-11D3-BF4B-00C04F79EFBC}") = "ECommerce.AppHost", "ECommerce.AppHost\ECommerce.AppHost.csproj", "{62A0C54B-6663-438C-BD74-D845D72B9E27}"
EndProject
Project("{FAE04EC0-301F-11D3-BF4B-00C04F79EFBC}") = "ECommerce.ServiceDefaults", "ECommerce.ServiceDefaults\ECommerce.ServiceDefaults.csproj", "{6A41E6AB-A133-F8BC-4852-899C72E40DD6}"
EndProject
Project("{FAE04EC0-301F-11D3-BF4B-00C04F79EFBC}") = "ECommerce.API", "ECommerce.API\ECommerce.API.csproj", "{F57E33FB-CDB3-6F39-453C-B2F68A5DC768}"
EndProject
Project("{E24C65DC-7377-472B-9ABA-BC803B73C61A}") = "ECommerce.UI", "ECommerce.UI\", "{FB9E5B66-F6F6-D583-F7A9-F9DD8ACB0BED}"
	ProjectSection(WebsiteProperties) = preProject
		TargetFrameworkMoniker = ".NETFramework,Version%3Dv4.8.1"
		Debug.AspNetCompiler.VirtualPath = "/localhost_9359"
		Debug.AspNetCompiler.PhysicalPath = "ECommerce.UI\"
		Debug.AspNetCompiler.TargetPath = "PrecompiledWeb\localhost_9359\"
		Debug.AspNetCompiler.Updateable = "true"
		Debug.AspNetCompiler.ForceOverwrite = "true"
		Debug.AspNetCompiler.FixedNames = "false"
		Debug.AspNetCompiler.Debug = "True"
		Release.AspNetCompiler.VirtualPath = "/localhost_9359"
		Release.AspNetCompiler.PhysicalPath = "ECommerce.UI\"
		Release.AspNetCompiler.TargetPath = "PrecompiledWeb\localhost_9359\"
		Release.AspNetCompiler.Updateable = "true"
		Release.AspNetCompiler.ForceOverwrite = "true"
		Release.AspNetCompiler.FixedNames = "false"
		Release.AspNetCompiler.Debug = "False"
		VWDPort = "9359"
		SlnRelativePath = "ECommerce.UI\"
	EndProjectSection
EndProject
Global
	GlobalSection(SolutionConfigurationPlatforms) = preSolution
		Debug|Any CPU = Debug|Any CPU
		Release|Any CPU = Release|Any CPU
	EndGlobalSection
	GlobalSection(ProjectConfigurationPlatforms) = postSolution
		{62A0C54B-6663-438C-BD74-D845D72B9E27}.Debug|Any CPU.ActiveCfg = Debug|Any CPU
		{62A0C54B-6663-438C-BD74-D845D72B9E27}.Debug|Any CPU.Build.0 = Debug|Any CPU
		{62A0C54B-6663-438C-BD74-D845D72B9E27}.Release|Any CPU.ActiveCfg = Release|Any CPU
		{62A0C54B-6663-438C-BD74-D845D72B9E27}.Release|Any CPU.Build.0 = Release|Any CPU
		{6A41E6AB-A133-F8BC-4852-899C72E40DD6}.Debug|Any CPU.ActiveCfg = Debug|Any CPU
		{6A41E6AB-A133-F8BC-4852-899C72E40DD6}.Debug|Any CPU.Build.0 = Debug|Any CPU
		{6A41E6AB-A133-F8BC-4852-899C72E40DD6}.Release|Any CPU.ActiveCfg = Release|Any CPU
		{6A41E6AB-A133-F8BC-4852-899C72E40DD6}.Release|Any CPU.Build.0 = Release|Any CPU
		{F57E33FB-CDB3-6F39-453C-B2F68A5DC768}.Debug|Any CPU.ActiveCfg = Debug|Any CPU
		{F57E33FB-CDB3-6F39-453C-B2F68A5DC768}.Debug|Any CPU.Build.0 = Debug|Any CPU
		{F57E33FB-CDB3-6F39-453C-B2F68A5DC768}.Release|Any CPU.ActiveCfg = Release|Any CPU
		{F57E33FB-CDB3-6F39-453C-B2F68A5DC768}.Release|Any CPU.Build.0 = Release|Any CPU
		{FB9E5B66-F6F6-D583-F7A9-F9DD8ACB0BED}.Debug|Any CPU.ActiveCfg = Debug|Any CPU
		{FB9E5B66-F6F6-D583-F7A9-F9DD8ACB0BED}.Debug|Any CPU.Build.0 = Debug|Any CPU
		{FB9E5B66-F6F6-D583-F7A9-F9DD8ACB0BED}.Release|Any CPU.ActiveCfg = Debug|Any CPU
		{FB9E5B66-F6F6-D583-F7A9-F9DD8ACB0BED}.Release|Any CPU.Build.0 = Debug|Any CPU
	EndGlobalSection
	GlobalSection(SolutionProperties) = preSolution
		HideSolutionNode = FALSE
	EndGlobalSection
	GlobalSection(ExtensibilityGlobals) = postSolution
		SolutionGuid = {5BA44709-5D4E-4F55-9E0F-16B31F5A8F32}
	EndGlobalSection
EndGlobal
